
Microsoft Visual Studio Solution File, Format Version 12.00
# Visual Studio Version 17
VisualStudioVersion = 17.5.33627.172
MinimumVisualStudioVersion = 10.0.40219.1
Project("{FAE04EC0-301F-11D3-BF4B-00C04F79EFBC}") = "MergeFilesApp", "MergeFilesApp\MergeFilesApp.csproj", "{6B41E7E1-1D10-4696-956E-BE1514A4A384}"
EndProject
Global
	GlobalSection(SolutionConfigurationPlatforms) = preSolution
		Debug|Any CPU = Debug|Any CPU
		Release|Any CPU = Release|Any CPU
	EndGlobalSection
	GlobalSection(ProjectConfigurationPlatforms) = postSolution
		{6B41E7E1-1D10-4696-956E-BE1514A4A384}.Debug|Any CPU.ActiveCfg = Debug|Any CPU
		{6B41E7E1-1D10-4696-956E-BE1514A4A384}.Debug|Any CPU.Build.0 = Debug|Any CPU
		{6B41E7E1-1D10-4696-956E-BE1514A4A384}.Release|Any CPU.ActiveCfg = Release|Any CPU
		{6B41E7E1-1D10-4696-956E-BE1514A4A384}.Release|Any CPU.Build.0 = Release|Any CPU
	EndGlobalSection
	GlobalSection(SolutionProperties) = preSolution
		HideSolutionNode = FALSE
	EndGlobalSection
	GlobalSection(ExtensibilityGlobals) = postSolution
		SolutionGuid = {A4ADC12F-1D85-481C-8CF1-03DDE4B3FEEC}
	EndGlobalSection
EndGlobal
